lockfileVersion: '9.0'

settings:
  autoInstallPeers: true
  excludeLinksFromLockfile: false

importers:

  .:
    dependencies:
      '@heroicons/react':
        specifier: ^2.2.0
        version: 2.2.0(react@18.3.1)
      react-helmet:
        specifier: ^6.1.0
        version: 6.1.0(react@18.3.1)
      swiper:
        specifier: ^11.2.1
        version: 11.2.4

packages:

  '@heroicons/react@2.2.0':
    resolution: {integrity: sha512-LMcepvRaS9LYHJGsF0zzmgKCUim/X3N/DQKc4jepAXJ7l8QxJ1PmxJzqplF2Z3FE4PqBAIGyJAQ/w4B5dsqbtQ==}
    peerDependencies:
      react: '>= 16 || ^19.0.0-rc'

  js-tokens@4.0.0:
    resolution: {integrity: sha512-RdJUflcE3cUzKiMqQgsCu06FPu9UdIJO0beYbPhHN4k6apgJtifcoCtT9bcxOpYBtpD2kCM6Sbzg4CausW/PKQ==}

  loose-envify@1.4.0:
    resolution: {integrity: sha512-lyuxPGr/Wfhrlem2CL/UcnUc1zcqKAImBDzukY7Y5F/yQiNdko6+fRLevlw1HgMySw7f611UIY408EtxRSoK3Q==}
    hasBin: true

  object-assign@4.1.1:
    resolution: {integrity: sha512-rJgTQnkUnH1sFw8yT6VSU3zD3sWmu6sZhIseY8VX+GRu3P6F7Fu+JNDoXfklElbLJSnc3FUQHVe4cU5hj+BcUg==}
    engines: {node: '>=0.10.0'}

  prop-types@15.8.1:
    resolution: {integrity: sha512-oj87CgZICdulUohogVAR7AjlC0327U4el4L6eAvOqCeudMDVU0NThNaV+b9Df4dXgSP1gXMTnPdhfe/2qDH5cg==}

  react-fast-compare@3.2.2:
    resolution: {integrity: sha512-nsO+KSNgo1SbJqJEYRE9ERzo7YtYbou/OqjSQKxV7jcKox7+usiUVZOAC+XnDOABXggQTno0Y1CpVnuWEc1boQ==}

  react-helmet@6.1.0:
    resolution: {integrity: sha512-4uMzEY9nlDlgxr61NL3XbKRy1hEkXmKNXhjbAIOVw5vcFrsdYbH2FEwcNyWvWinl103nXgzYNlns9ca+8kFiWw==}
    peerDependencies:
      react: '>=16.3.0'

  react-is@16.13.1:
    resolution: {integrity: sha512-24e6ynE2H+OKt4kqsOvNd8kBpV65zoxbA4BVsEOB3ARVWQki/DHzaUoC5KuON/BiccDaCCTZBuOcfZs70kR8bQ==}

  react-side-effect@2.1.2:
    resolution: {integrity: sha512-PVjOcvVOyIILrYoyGEpDN3vmYNLdy1CajSFNt4TDsVQC5KpTijDvWVoR+/7Rz2xT978D8/ZtFceXxzsPwZEDvw==}
    peerDependencies:
      react: ^16.3.0 || ^17.0.0 || ^18.0.0

  react@18.3.1:
    resolution: {integrity: sha512-wS+hAgJShR0KhEvPJArfuPVN1+Hz1t0Y6n5jLrGQbkb4urgPE/0Rve+1kMB1v/oWgHgm4WIcV+i7F2pTVj+2iQ==}
    engines: {node: '>=0.10.0'}

  swiper@11.2.4:
    resolution: {integrity: sha512-DTtglrsFfMYytid+oNy4QI3t2N2+XhhwSYbnyOhlwBmvY8Bkoj3ombK1/b80w8vDpQ+Lqlnbm+0737+i32MrcA==}
    engines: {node: '>= 4.7.0'}

snapshots:

  '@heroicons/react@2.2.0(react@18.3.1)':
    dependencies:
      react: 18.3.1

  js-tokens@4.0.0: {}

  loose-envify@1.4.0:
    dependencies:
      js-tokens: 4.0.0

  object-assign@4.1.1: {}

  prop-types@15.8.1:
    dependencies:
      loose-envify: 1.4.0
      object-assign: 4.1.1
      react-is: 16.13.1

  react-fast-compare@3.2.2: {}

  react-helmet@6.1.0(react@18.3.1):
    dependencies:
      object-assign: 4.1.1
      prop-types: 15.8.1
      react: 18.3.1
      react-fast-compare: 3.2.2
      react-side-effect: 2.1.2(react@18.3.1)

  react-is@16.13.1: {}

  react-side-effect@2.1.2(react@18.3.1):
    dependencies:
      react: 18.3.1

  react@18.3.1:
    dependencies:
      loose-envify: 1.4.0

  swiper@11.2.4: {}
